
Microsoft Visual Studio Solution File, Format Version 12.00
# Visual Studio Version 17
VisualStudioVersion = 17.0.31903.59
MinimumVisualStudioVersion = 10.0.40219.1
Project("{2150E333-8FDC-42A3-9474-1A3956D46DE8}") = "src", "src", "{5D4BD16B-E492-4758-BC8F-25797FC68C0F}"
EndProject
Project("{FAE04EC0-301F-11D3-BF4B-00C04F79EFBC}") = "PrateleiraInteligente.API", "src\PrateleiraInteligente.API\PrateleiraInteligente.API.csproj", "{B8F17982-10B5-4145-8E87-2A53C9D828FF}"
EndProject
Project("{FAE04EC0-301F-11D3-BF4B-00C04F79EFBC}") = "PrateleiraInteligente.Domain", "src\PrateleiraInteligente.Domain\PrateleiraInteligente.Domain.csproj", "{C1C0DA87-7C16-4D3A-9321-059DD5FF1664}"
EndProject
Project("{FAE04EC0-301F-11D3-BF4B-00C04F79EFBC}") = "PrateleiraInteligente.Infrastructure", "src\PrateleiraInteligente.Infrastructure\PrateleiraInteligente.Infrastructure.csproj", "{63C08382-2F5F-4E40-B775-9B28314BD027}"
EndProject
Global
	GlobalSection(SolutionConfigurationPlatforms) = preSolution
		Debug|Any CPU = Debug|Any CPU
		Release|Any CPU = Release|Any CPU
	EndGlobalSection
	GlobalSection(SolutionProperties) = preSolution
		HideSolutionNode = FALSE
	EndGlobalSection
	GlobalSection(ProjectConfigurationPlatforms) = postSolution
		{B8F17982-10B5-4145-8E87-2A53C9D828FF}.Debug|Any CPU.ActiveCfg = Debug|Any CPU
		{B8F17982-10B5-4145-8E87-2A53C9D828FF}.Debug|Any CPU.Build.0 = Debug|Any CPU
		{B8F17982-10B5-4145-8E87-2A53C9D828FF}.Release|Any CPU.ActiveCfg = Release|Any CPU
		{B8F17982-10B5-4145-8E87-2A53C9D828FF}.Release|Any CPU.Build.0 = Release|Any CPU
		{C1C0DA87-7C16-4D3A-9321-059DD5FF1664}.Debug|Any CPU.ActiveCfg = Debug|Any CPU
		{C1C0DA87-7C16-4D3A-9321-059DD5FF1664}.Debug|Any CPU.Build.0 = Debug|Any CPU
		{C1C0DA87-7C16-4D3A-9321-059DD5FF1664}.Release|Any CPU.ActiveCfg = Release|Any CPU
		{C1C0DA87-7C16-4D3A-9321-059DD5FF1664}.Release|Any CPU.Build.0 = Release|Any CPU
		{63C08382-2F5F-4E40-B775-9B28314BD027}.Debug|Any CPU.ActiveCfg = Debug|Any CPU
		{63C08382-2F5F-4E40-B775-9B28314BD027}.Debug|Any CPU.Build.0 = Debug|Any CPU
		{63C08382-2F5F-4E40-B775-9B28314BD027}.Release|Any CPU.ActiveCfg = Release|Any CPU
		{63C08382-2F5F-4E40-B775-9B28314BD027}.Release|Any CPU.Build.0 = Release|Any CPU
	EndGlobalSection
	GlobalSection(NestedProjects) = preSolution
		{B8F17982-10B5-4145-8E87-2A53C9D828FF} = {5D4BD16B-E492-4758-BC8F-25797FC68C0F}
		{C1C0DA87-7C16-4D3A-9321-059DD5FF1664} = {5D4BD16B-E492-4758-BC8F-25797FC68C0F}
		{63C08382-2F5F-4E40-B775-9B28314BD027} = {5D4BD16B-E492-4758-BC8F-25797FC68C0F}
	EndGlobalSection
EndGlobal
